
Microsoft Visual Studio Solution File, Format Version 12.00
# Visual Studio 15
Project("{FAE04EC0-301F-11D3-BF4B-00C04F79EFBC}") = "Mirror.Examples", "Mirror.Examples.csproj", "{20C0F6E9-4C1B-4768-16EA-0E113C1684D6}"
EndProject
Project("{FAE04EC0-301F-11D3-BF4B-00C04F79EFBC}") = "Mirror.Components", "Mirror.Components.csproj", "{CC9487BA-5EE4-2F69-7241-5BF6A815553A}"
EndProject
Project("{FAE04EC0-301F-11D3-BF4B-00C04F79EFBC}") = "Mirror", "Mirror.csproj", "{FE197958-2177-8DBB-A8D9-0E205F1F88BE}"
EndProject
Project("{FAE04EC0-301F-11D3-BF4B-00C04F79EFBC}") = "Mirror.Hosting", "Mirror.Hosting.csproj", "{01BB5585-47AF-FD63-BB79-B8F1E70E6580}"
EndProject
Project("{FAE04EC0-301F-11D3-BF4B-00C04F79EFBC}") = "Unity.Mirror.CodeGen", "Unity.Mirror.CodeGen.csproj", "{3E111BD5-D16E-BF55-F0B4-454D3FE79448}"
EndProject
Project("{FAE04EC0-301F-11D3-BF4B-00C04F79EFBC}") = "Mirror.Editor", "Mirror.Editor.csproj", "{A0C23CFF-8E19-B853-37FB-3661485EABD6}"
EndProject
Project("{FAE04EC0-301F-11D3-BF4B-00C04F79EFBC}") = "Mirror.Transports", "Mirror.Transports.csproj", "{CFD7CB9A-D56B-95C0-3FCD-A4A830D97749}"
EndProject
Project("{FAE04EC0-301F-11D3-BF4B-00C04F79EFBC}") = "Telepathy", "Telepathy.csproj", "{3D78680A-E024-4EC4-7D2B-6FF46F13AA7E}"
EndProject
Project("{FAE04EC0-301F-11D3-BF4B-00C04F79EFBC}") = "SimpleWebTransport", "SimpleWebTransport.csproj", "{04B00127-52E8-F365-A785-284A6ACA2E29}"
EndProject
Project("{FAE04EC0-301F-11D3-BF4B-00C04F79EFBC}") = "kcp2k", "kcp2k.csproj", "{59F7AAFC-5D24-E341-D960-A8655B4628FC}"
EndProject
Project("{FAE04EC0-301F-11D3-BF4B-00C04F79EFBC}") = "Mirror.Authenticators", "Mirror.Authenticators.csproj", "{F6F86389-CF6D-2549-6E7B-6C26E43F34B8}"
EndProject
Project("{FAE04EC0-301F-11D3-BF4B-00C04F79EFBC}") = "Mirror.CompilerSymbols", "Mirror.CompilerSymbols.csproj", "{8DED08FA-4C0C-2D9D-261C-7F2D2AEEC3A3}"
EndProject
Global
	GlobalSection(SolutionConfigurationPlatforms) = preSolution
		Debug|Any CPU = Debug|Any CPU
		Release|Any CPU = Release|Any CPU
	EndGlobalSection
	GlobalSection(ProjectConfigurationPlatforms) = postSolution
		{20C0F6E9-4C1B-4768-16EA-0E113C1684D6}.Debug|Any CPU.ActiveCfg = Debug|Any CPU
		{20C0F6E9-4C1B-4768-16EA-0E113C1684D6}.Debug|Any CPU.Build.0 = Debug|Any CPU
		{20C0F6E9-4C1B-4768-16EA-0E113C1684D6}.Release|Any CPU.ActiveCfg = Release|Any CPU
		{20C0F6E9-4C1B-4768-16EA-0E113C1684D6}.Release|Any CPU.Build.0 = Release|Any CPU
		{CC9487BA-5EE4-2F69-7241-5BF6A815553A}.Debug|Any CPU.ActiveCfg = Debug|Any CPU
		{CC9487BA-5EE4-2F69-7241-5BF6A815553A}.Debug|Any CPU.Build.0 = Debug|Any CPU
		{CC9487BA-5EE4-2F69-7241-5BF6A815553A}.Release|Any CPU.ActiveCfg = Release|Any CPU
		{CC9487BA-5EE4-2F69-7241-5BF6A815553A}.Release|Any CPU.Build.0 = Release|Any CPU
		{FE197958-2177-8DBB-A8D9-0E205F1F88BE}.Debug|Any CPU.ActiveCfg = Debug|Any CPU
		{FE197958-2177-8DBB-A8D9-0E205F1F88BE}.Debug|Any CPU.Build.0 = Debug|Any CPU
		{FE197958-2177-8DBB-A8D9-0E205F1F88BE}.Release|Any CPU.ActiveCfg = Release|Any CPU
		{FE197958-2177-8DBB-A8D9-0E205F1F88BE}.Release|Any CPU.Build.0 = Release|Any CPU
		{01BB5585-47AF-FD63-BB79-B8F1E70E6580}.Debug|Any CPU.ActiveCfg = Debug|Any CPU
		{01BB5585-47AF-FD63-BB79-B8F1E70E6580}.Debug|Any CPU.Build.0 = Debug|Any CPU
		{01BB5585-47AF-FD63-BB79-B8F1E70E6580}.Release|Any CPU.ActiveCfg = Release|Any CPU
		{01BB5585-47AF-FD63-BB79-B8F1E70E6580}.Release|Any CPU.Build.0 = Release|Any CPU
		{3E111BD5-D16E-BF55-F0B4-454D3FE79448}.Debug|Any CPU.ActiveCfg = Debug|Any CPU
		{3E111BD5-D16E-BF55-F0B4-454D3FE79448}.Debug|Any CPU.Build.0 = Debug|Any CPU
		{3E111BD5-D16E-BF55-F0B4-454D3FE79448}.Release|Any CPU.ActiveCfg = Release|Any CPU
		{3E111BD5-D16E-BF55-F0B4-454D3FE79448}.Release|Any CPU.Build.0 = Release|Any CPU
		{A0C23CFF-8E19-B853-37FB-3661485EABD6}.Debug|Any CPU.ActiveCfg = Debug|Any CPU
		{A0C23CFF-8E19-B853-37FB-3661485EABD6}.Debug|Any CPU.Build.0 = Debug|Any CPU
		{A0C23CFF-8E19-B853-37FB-3661485EABD6}.Release|Any CPU.ActiveCfg = Release|Any CPU
		{A0C23CFF-8E19-B853-37FB-3661485EABD6}.Release|Any CPU.Build.0 = Release|Any CPU
		{CFD7CB9A-D56B-95C0-3FCD-A4A830D97749}.Debug|Any CPU.ActiveCfg = Debug|Any CPU
		{CFD7CB9A-D56B-95C0-3FCD-A4A830D97749}.Debug|Any CPU.Build.0 = Debug|Any CPU
		{CFD7CB9A-D56B-95C0-3FCD-A4A830D97749}.Release|Any CPU.ActiveCfg = Release|Any CPU
		{CFD7CB9A-D56B-95C0-3FCD-A4A830D97749}.Release|Any CPU.Build.0 = Release|Any CPU
		{3D78680A-E024-4EC4-7D2B-6FF46F13AA7E}.Debug|Any CPU.ActiveCfg = Debug|Any CPU
		{3D78680A-E024-4EC4-7D2B-6FF46F13AA7E}.Debug|Any CPU.Build.0 = Debug|Any CPU
		{3D78680A-E024-4EC4-7D2B-6FF46F13AA7E}.Release|Any CPU.ActiveCfg = Release|Any CPU
		{3D78680A-E024-4EC4-7D2B-6FF46F13AA7E}.Release|Any CPU.Build.0 = Release|Any CPU
		{04B00127-52E8-F365-A785-284A6ACA2E29}.Debug|Any CPU.ActiveCfg = Debug|Any CPU
		{04B00127-52E8-F365-A785-284A6ACA2E29}.Debug|Any CPU.Build.0 = Debug|Any CPU
		{04B00127-52E8-F365-A785-284A6ACA2E29}.Release|Any CPU.ActiveCfg = Release|Any CPU
		{04B00127-52E8-F365-A785-284A6ACA2E29}.Release|Any CPU.Build.0 = Release|Any CPU
		{59F7AAFC-5D24-E341-D960-A8655B4628FC}.Debug|Any CPU.ActiveCfg = Debug|Any CPU
		{59F7AAFC-5D24-E341-D960-A8655B4628FC}.Debug|Any CPU.Build.0 = Debug|Any CPU
		{59F7AAFC-5D24-E341-D960-A8655B4628FC}.Release|Any CPU.ActiveCfg = Release|Any CPU
		{59F7AAFC-5D24-E341-D960-A8655B4628FC}.Release|Any CPU.Build.0 = Release|Any CPU
		{F6F86389-CF6D-2549-6E7B-6C26E43F34B8}.Debug|Any CPU.ActiveCfg = Debug|Any CPU
		{F6F86389-CF6D-2549-6E7B-6C26E43F34B8}.Debug|Any CPU.Build.0 = Debug|Any CPU
		{F6F86389-CF6D-2549-6E7B-6C26E43F34B8}.Release|Any CPU.ActiveCfg = Release|Any CPU
		{F6F86389-CF6D-2549-6E7B-6C26E43F34B8}.Release|Any CPU.Build.0 = Release|Any CPU
		{8DED08FA-4C0C-2D9D-261C-7F2D2AEEC3A3}.Debug|Any CPU.ActiveCfg = Debug|Any CPU
		{8DED08FA-4C0C-2D9D-261C-7F2D2AEEC3A3}.Debug|Any CPU.Build.0 = Debug|Any CPU
		{8DED08FA-4C0C-2D9D-261C-7F2D2AEEC3A3}.Release|Any CPU.ActiveCfg = Release|Any CPU
		{8DED08FA-4C0C-2D9D-261C-7F2D2AEEC3A3}.Release|Any CPU.Build.0 = Release|Any CPU
	EndGlobalSection
	GlobalSection(SolutionProperties) = preSolution
		HideSolutionNode = FALSE
	EndGlobalSection
EndGlobal
